
Microsoft Visual Studio Solution File, Format Version 12.00
# Visual Studio Version 17
VisualStudioVersion = 17.0.31919.166
MinimumVisualStudioVersion = 10.0.40219.1
Project("{8BC9CEB8-8B4A-11D0-8D11-00A0C91BC942}") = "Patient Management System", "Patient Management System.vcxproj", "{5A597D25-06D4-44D8-BD07-DADFF9E3DD17}"
EndProject
Global
	GlobalSection(SolutionConfigurationPlatforms) = preSolution
		Debug|x64 = Debug|x64
		Debug|x86 = Debug|x86
		Release|x64 = Release|x64
		Release|x86 = Release|x86
	EndGlobalSection
	GlobalSection(ProjectConfigurationPlatforms) = postSolution
		{5A597D25-06D4-44D8-BD07-DADFF9E3DD17}.Debug|x64.ActiveCfg = Debug|x64
		{5A597D25-06D4-44D8-BD07-DADFF9E3DD17}.Debug|x64.Build.0 = Debug|x64
		{5A597D25-06D4-44D8-BD07-DADFF9E3DD17}.Debug|x86.ActiveCfg = Debug|Win32
		{5A597D25-06D4-44D8-BD07-DADFF9E3DD17}.Debug|x86.Build.0 = Debug|Win32
		{5A597D25-06D4-44D8-BD07-DADFF9E3DD17}.Release|x64.ActiveCfg = Release|x64
		{5A597D25-06D4-44D8-BD07-DADFF9E3DD17}.Release|x64.Build.0 = Release|x64
		{5A597D25-06D4-44D8-BD07-DADFF9E3DD17}.Release|x86.ActiveCfg = Release|Win32
		{5A597D25-06D4-44D8-BD07-DADFF9E3DD17}.Release|x86.Build.0 = Release|Win32
	EndGlobalSection
	GlobalSection(SolutionProperties) = preSolution
		HideSolutionNode = FALSE
	EndGlobalSection
	GlobalSection(ExtensibilityGlobals) = postSolution
		SolutionGuid = {0E0E9870-2131-41F4-9924-AAB4062C4B5D}
	EndGlobalSection
EndGlobal
